# THIS IS AN AUTOGENERATED FILE. DO NOT EDIT THIS FILE DIRECTLY.
# yarn lockfile v1


"@types/etag@^1.8.1":
  version "1.8.1"
  resolved "https://registry.yarnpkg.com/@types/etag/-/etag-1.8.1.tgz#593ca8ddb43acb3db049bd0955fd64d281ab58b9"
  integrity sha512-bsKkeSqN7HYyYntFRAmzcwx/dKW4Wa+KVMTInANlI72PWLQmOpZu96j0OqHZGArW4VQwCmJPteQlXaUDeOB0WQ==
  dependencies:
    "@types/node" "*"

"@types/mime@^3.0.1":
  version "3.0.1"
  resolved "https://registry.yarnpkg.com/@types/mime/-/mime-3.0.1.tgz#5f8f2bca0a5863cb69bc0b0acd88c96cb1d4ae10"
  integrity sha512-Y4XFY5VJAuw0FgAqPNd6NNoV44jbq9Bz2L7Rh/J6jLTiHBSBJa9fxqQIvkIld4GsoDOcCbvzOUAbLPsSKKg+uA==

"@types/node@*", "@types/node@^17.0.0":
  version "17.0.0"
  resolved "https://registry.yarnpkg.com/@types/node/-/node-17.0.0.tgz#62797cee3b8b497f6547503b2312254d4fe3c2bb"
  integrity sha512-eMhwJXc931Ihh4tkU+Y7GiLzT/y/DBNpNtr4yU9O2w3SYBsr9NaOPhQlLKRmoWtI54uNwuo0IOUFQjVOTZYRvw==

"@types/range-parser@^1.2.4":
  version "1.2.4"
  resolved "https://registry.yarnpkg.com/@types/range-parser/-/range-parser-1.2.4.tgz#cd667bcfdd025213aafb7ca5915a932590acdcdc"
  integrity sha512-EEhsLsD6UsDM1yFhAvy0Cjr6VwmpMWqFBCb9w07wVugF7w9nfajxLuVmngTIpgS6svCnm6Vaw+MZhoDCKnOfsw==

etag@^1.8.1:
  version "1.8.1"
  resolved "https://registry.npm.taobao.org/etag/download/etag-1.8.1.tgz#41ae2eeb65efa62268aebfea83ac7d79299b0887"
  integrity sha1-Qa4u62XvpiJorr/qg6x9eSmbCIc=

mime@^3.0.0:
  version "3.0.0"
  resolved "https://registry.yarnpkg.com/mime/-/mime-3.0.0.tgz#b374550dca3a0c18443b0c950a6a58f1931cf7a7"
  integrity sha512-jSCU7/VB1loIWBZe14aEYHU/+1UMEHoaO7qxCOVJOw9GgH72VAWppxNcjU+x9a2k3GSIBXNKxXQFqRvvZ7vr3A==

range-parser@^1.2.1:
  version "1.2.1"
  resolved "https://registry.npm.taobao.org/range-parser/download/range-parser-1.2.1.tgz#3cf37023d199e1c24d1a55b84800c2f3e6468031"
  integrity sha1-PPNwI9GZ4cJNGlW4SADC8+ZGgDE=

typescript@^4.5.4:
  version "4.5.4"
  resolved "https://registry.yarnpkg.com/typescript/-/typescript-4.5.4.tgz#a17d3a0263bf5c8723b9c52f43c5084edf13c2e8"
  integrity sha512-VgYs2A2QIRuGphtzFV7aQJduJ2gyfTljngLzjpfW9FoYZF6xuw1W0vW9ghCKLfcWrCFxK81CSGRAvS1pn4fIUg==
